version = 1
revision = 3
requires-python = ">=3.14"
resolution-markers = [
    "sys_platform == 'win32'",
    "sys_platform == 'emscripten'",
    "sys_platform != 'emscripten' and sys_platform != 'win32'",
]

[options]
exclude-newer = "2026-05-16T00:31:03.717357Z"
exclude-newer-span = "P4D"

[[package]]
name = "absl-py"
version = "2.4.0"
source = { registry = "https://pypi.org/simple" }
sdist = { url = "https://files.pythonhosted.org/packages/64/c7/8de93764ad66968d19329a7e0c147a2bb3c7054c554d4a119111b8f9440f/absl_py-2.4.0.tar.gz", hash = "sha256:8c6af82722b35cf71e0f4d1d47dcaebfff286e27110a99fc359349b247dfb5d4", size = 116543, upload-time = "2026-01-28T10:17:05.322Z" }
wheels = [
    { url = "https://files.pythonhosted.org/packages/18/a6/907a406bb7d359e6a63f99c313846d9eec4f7e6f7437809e03aa00fa3074/absl_py-2.4.0-py3-none-any.whl", hash = "sha256:88476fd881ca8aab94ffa78b7b6c632a782ab3ba1cd19c9bd423abc4fb4cd28d", size = 135750, upload-time = "2026-01-28T10:17:04.19Z" },
]

[[package]]
name = "bitarray"
version = "3.8.1"
source = { registry = "https://pypi.org/simple" }
sdist = { url = "https://files.pythonhosted.org/packages/fc/47/b5da717e7bbe97a6dc4c986f053ca55fd3276078d78f68f9e8b417d1425a/bitarray-3.8.1.tar.gz", hash = "sha256:f90bb3c680804ec9630bcf8c0965e54b4de84d33b17d7da57c87c30f0c64c6f5", size = 152471, upload-time = "2026-04-02T16:29:01.712Z" }
wheels = [
    { url = "https://files.pythonhosted.org/packages/b0/3b/d07ee3ef120a3b3f1db2434c4b955fbf900bb3f878e25a71ee82408e9d91/bitarray-3.8.1-cp314-cp314-macosx_10_13_x86_64.whl", hash = "sha256:fe989bbed9d6f332c1e24d333936f3fa1375f380cd8028da0b985dcdefa6015a", size = 149181, upload-time = "2026-04-02T16:27:35.608Z" },
    { url = "https://files.pythonhosted.org/packages/ab/bf/43bf76bbf95354e74b80923e8aa7d6cb178e25546eeab0705524ad4d5171/bitarray-3.8.1-cp314-cp314-macosx_11_0_arm64.whl", hash = "sha256:75e33c9187da271d1dbeb2582ab2df2e441346492098f67559b09173ea4edde4", size = 146020, upload-time = "2026-04-02T16:27:37.279Z" },
    { url = "https://files.pythonhosted.org/packages/89/8c/868644e4f61220529ceea0be6dff1c659a7c20dc354f8c5aa367409e6150/bitarray-3.8.1-cp314-cp314-manylinux2014_aarch64.manylinux_2_17_aarch64.manylinux_2_28_aarch64.whl", hash = "sha256:fd7e3158be382f8f140caccc0dc7742a7553ce4bf2978982abe3054d2cedd705", size = 335102, upload-time = "2026-04-02T16:27:39.065Z" },
    { url = "https://files.pythonhosted.org/packages/f9/6f/0eb0ed1214bb6436e078a44006127685b587b6aeb1600bc2f77bf53e96b9/bitarray-3.8.1-cp314-cp314-manylinux2014_ppc64le.manylinux_2_17_ppc64le.manylinux_2_28_ppc64le.whl", hash = "sha256:9fa5620f7f352f9706924c0e2071a212be36421f09ee064b0fd7e1128289fcdb", size = 363405, upload-time = "2026-04-02T16:27:40.596Z" },
    { url = "https://files.pythonhosted.org/packages/25/eb/07d6ec5ad40792ff92857ac51cb91c01f855e3edb7b589eb099937420722/bitarray-3.8.1-cp314-cp314-manylinux2014_s390x.manylinux_2_17_s390x.manylinux_2_28_s390x.whl", hash = "sha256:190b20cbffc9cd7f308f7a57d406119c3af3ae197613325fd2d92d99c8882ad6", size = 374225, upload-time = "2026-04-02T16:27:42.101Z" },
    { url = "https://files.pythonhosted.org/packages/46/53/2c5d688ea0f91025d3fdd08e13f9d5195c384953961070ce79719efd18b3/bitarray-3.8.1-cp314-cp314-manylinux2014_x86_64.manylinux_2_17_x86_64.manylinux_2_28_x86_64.whl", hash = "sha256:ec3d0a6c37a816ea6e3550697c60d90861c9b0f982a98a40b59ac1f7a360bfa9", size = 342742, upload-time = "2026-04-02T16:27:43.706Z" },
    { url = "https://files.pythonhosted.org/packages/2e/8a/25a932f02a8d1ca0c97cae62399f475d219669dbfecca3b2d7567effec73/bitarray-3.8.1-cp314-cp314-musllinux_1_2_aarch64.whl", hash = "sha256:746e25f17ba4203b5933773782cf2d30bca5cdb66a9ba5d48a53a6c795aedc57", size = 333236, upload-time = "2026-04-02T16:27:45.237Z" },
    { url = "https://files.pythonhosted.org/packages/fe/a2/83fc66eb64ee0e74dc04894fbe8ae7e2d083c824ae9c1396d68a14c50760/bitarray-3.8.1-cp314-cp314-musllinux_1_2_ppc64le.whl", hash = "sha256:ab363a5baae965fb3438f2137583853ad9c77d7e45f2a62ba63e609a34d792ea", size = 360526, upload-time = "2026-04-02T16:27:46.724Z" },
    { url = "https://files.pythonhosted.org/packages/a1/60/eee517c36956d9fc8d4ae2b2fbcf9122477b0730dacd52a2800226b11e61/bitarray-3.8.1-cp314-cp314-musllinux_1_2_s390x.whl", hash = "sha256:5e30d8e399f38ae1ec86aa9be76d20ba15872dd0c41b4b46d1b78905857363b9", size = 358208, upload-time = "2026-04-02T16:27:48.221Z" },
    { url = "https://files.pythonhosted.org/packages/f4/a5/2d35fb2d1abc8afa4fef93f3ad96192eebd81595c3f9389a95f5d01ee782/bitarray-3.8.1-cp314-cp314-musllinux_1_2_x86_64.whl", hash = "sha256:0f099a4a77daf9bb99787070854894fe588c7d6988ea729f970ba2b3b82c7559", size = 339373, upload-time = "2026-04-02T16:27:49.911Z" },
    { url = "https://files.pythonhosted.org/packages/f4/b5/64d6d485725076472e0f151643ac4fa78ed54f10f6b7bf9620690a24af7a/bitarray-3.8.1-cp314-cp314-win32.whl", hash = "sha256:539880ddf9a8cc54c9e6126e7d072c991563f0c90ef73b3519a783d53df00352", size = 142632, upload-time = "2026-04-02T16:27:51.371Z" },
    { url = "https://files.pythonhosted.org/packages/04/e9/cf02dfac88f4c7d3de2dbafec4ec0616eaf9547dd7be98e81dc0fde97a77/bitarray-3.8.1-cp314-cp314-win_amd64.whl", hash = "sha256:c08cd5b19c570e1e9e094a6ce70d35bb39d12360e0763474ed9374229f174fcc", size = 149180, upload-time = "2026-04-02T16:27:53.027Z" },
    { url = "https://files.pythonhosted.org/packages/ef/a8/8e56397347bad7b042aefee9afc0cb085f2a779f7c8cc38954b12671d37c/bitarray-3.8.1-cp314-cp314-win_arm64.whl", hash = "sha256:0da5f17bed67ffe1d72f79fbf98403513a6e51a4f9b8293c1ff8a64e121242be", size = 146389, upload-time = "2026-04-02T16:27:54.759Z" },
    { url = "https://files.pythonhosted.org/packages/ff/a6/52bcd001c5cdf5c381a7317b07157070be1a6bc7fa5d58314ef6da33626b/bitarray-3.8.1-cp314-cp314t-macosx_10_13_x86_64.whl", hash = "sha256:154a19e1dcd430494fdad7d1a0fb36383baaa363e1cb9d5a7b744cd2418c44d2", size = 150091, upload-time = "2026-04-02T16:27:56.154Z" },
    { url = "https://files.pythonhosted.org/packages/b6/22/86f51124a9d0e622be0bd171b797e0d507d5c9d6f76f5b97cb12e4ecf113/bitarray-3.8.1-cp314-cp314t-macosx_11_0_arm64.whl", hash = "sha256:814bb54db2a016026efc055a3527461e5eb551c0d91b32eeade003829ff84311", size = 147130, upload-time = "2026-04-02T16:27:57.916Z" },
    { url = "https://files.pythonhosted.org/packages/eb/d4/2153c6de23e26d0bfa65e0994ef771f06f8697a9ae65473923f6922ab1b9/bitarray-3.8.1-cp314-cp314t-manylinux2014_aarch64.manylinux_2_17_aarch64.manylinux_2_28_aarch64.whl", hash = "sha256:ac49519fcfeb4a7ecdf6b7d0ec6cac409e59f94c1bb54630db577a97893b6e38", size = 343168, upload-time = "2026-04-02T16:27:59.345Z" },
    { url = "https://files.pythonhosted.org/packages/55/bd/6ff9be5965c11e2f67bec674cd1bbe41e81531ec970251986f4d4978a72d/bitarray-3.8.1-cp314-cp314t-manylinux2014_ppc64le.manylinux_2_17_ppc64le.manylinux_2_28_ppc64le.whl", hash = "sha256:329b994944993c45c3845047476ef4f231fe1a53972f18f8d005fd12fac163e1", size = 371961, upload-time = "2026-04-02T16:28:00.956Z" },
    { url = "https://files.pythonhosted.org/packages/7d/24/9aca563d253ed28be47b9a8d5f2fe0942e0191bc4ef49589e7670177807c/bitarray-3.8.1-cp314-cp314t-manylinux2014_s390x.manylinux_2_17_s390x.manylinux_2_28_s390x.whl", hash = "sha256:1d7b786a1ddd9b8dda17c445060a94a465cba2e113603ae7bdc5364efc1efd11", size = 381778, upload-time = "2026-04-02T16:28:02.589Z" },
    { url = "https://files.pythonhosted.org/packages/be/e2/81ac4c98694857b7eabdb9ada77db5b44fb6b6d5d19a3a716fb8a486c251/bitarray-3.8.1-cp314-cp314t-manylinux2014_x86_64.manylinux_2_17_x86_64.manylinux_2_28_x86_64.whl", hash = "sha256:cd9b848c17ef034f2ae31b2a1bd9276710c2baf03509f1f3fa4dc4382b0a1b53", size = 348165, upload-time = "2026-04-02T16:28:04.431Z" },
    { url = "https://files.pythonhosted.org/packages/ee/c5/2107bf1474a139f934621703135985f2acfae92d786561edde62ec557f60/bitarray-3.8.1-cp314-cp314t-musllinux_1_2_aarch64.whl", hash = "sha256:0a33f8931ac91ebc23ce4decb99ed8fdddba2bafd2af3bb2781bcfd9878d4822", size = 340225, upload-time = "2026-04-02T16:28:05.899Z" },
    { url = "https://files.pythonhosted.org/packages/31/95/a3d2571055279a09373d1f93249404ac37a34045e334935adbc2ce780f83/bitarray-3.8.1-cp314-cp314t-musllinux_1_2_ppc64le.whl", hash = "sha256:07626f76a248fce5ebbb10fb0d4899d3c7f908ba21cb2fb4f5a7a9daf24c20cd", size = 369440, upload-time = "2026-04-02T16:28:07.49Z" },
    { url = "https://files.pythonhosted.org/packages/ef/56/7fad5bb52c0b9cdcdea4405f5d9a41f5efbf2873045d668bc2b8db10213b/bitarray-3.8.1-cp314-cp314t-musllinux_1_2_s390x.whl", hash = "sha256:18f3a2c8908e63a66d3994808254397a5f989b1fb91087c33739f62bf1a1a064", size = 364733, upload-time = "2026-04-02T16:28:09.086Z" },
    { url = "https://files.pythonhosted.org/packages/10/b0/a23a1c312206c65146021aea68d69c8c7d817ae2f99698cbc23b3c744bba/bitarray-3.8.1-cp314-cp314t-musllinux_1_2_x86_64.whl", hash = "sha256:ced27af6aee28782260bfa5643797937e96a6489bca972202834017208cf74f5", size = 343729, upload-time = "2026-04-02T16:28:11.09Z" },
    { url = "https://files.pythonhosted.org/packages/a4/a0/fe5dbdfadcba2314551614d023db100e3aea7b09da2cdcbf1386f5c797a6/bitarray-3.8.1-cp314-cp314t-win32.whl", hash = "sha256:cf99e36c0f6ae5643ecef7ad7e1194aeb4a9798d9cff60b20ac041533fa6db0a", size = 144160, upload-time = "2026-04-02T16:28:12.702Z" },
    { url = "https://files.pythonhosted.org/packages/4e/0a/e95ed44f6d89e63ed666755fc0773223b10df0058d5de30d529f4cf35948/bitarray-3.8.1-cp314-cp314t-win_amd64.whl", hash = "sha256:9befda0dbd27ed95fba1c26be4bf98a49ba166b3c91beb5fc04364c130ce950c", size = 150852, upload-time = "2026-04-02T16:28:14.149Z" },
    { url = "https://files.pythonhosted.org/packages/0f/90/454b88b193743b4cd0fce0819a11b1c43b7f629cb2533f6ddc62cbb5e097/bitarray-3.8.1-cp314-cp314t-win_arm64.whl", hash = "sha256:4b7d7d10a1c82050efbb9a83d7a43974f70cf8f021afb86463b42e4ac4e5a46b", size = 147343, upload-time = "2026-04-02T16:28:15.632Z" },
]

[[package]]
name = "cffi"
version = "2.0.0"
source = { registry = "https://pypi.org/simple" }
dependencies = [
    { name = "pycparser", marker = "implementation_name != 'PyPy'" },
]
sdist = { url = "https://files.pythonhosted.org/packages/eb/56/b1ba7935a17738ae8453301356628e8147c79dbb825bcbc73dc7401f9846/cffi-2.0.0.tar.gz", hash = "sha256:44d1b5909021139fe36001ae048dbdde8214afa20200eda0f64c068cac5d5529", size = 523588, upload-time = "2025-09-08T23:24:04.541Z" }
wheels = [
    { url = "https://files.pythonhosted.org/packages/92/c4/3ce07396253a83250ee98564f8d7e9789fab8e58858f35d07a9a2c78de9f/cffi-2.0.0-cp314-cp314-macosx_10_13_x86_64.whl", hash = "sha256:fc33c5141b55ed366cfaad382df24fe7dcbc686de5be719b207bb248e3053dc5", size = 185320, upload-time = "2025-09-08T23:23:18.087Z" },
    { url = "https://files.pythonhosted.org/packages/59/dd/27e9fa567a23931c838c6b02d0764611c62290062a6d4e8ff7863daf9730/cffi-2.0.0-cp314-cp314-macosx_11_0_arm64.whl", hash = "sha256:c654de545946e0db659b3400168c9ad31b5d29593291482c43e3564effbcee13", size = 181487, upload-time = "2025-09-08T23:23:19.622Z" },
    { url = "https://files.pythonhosted.org/packages/d6/43/0e822876f87ea8a4ef95442c3d766a06a51fc5298823f884ef87aaad168c/cffi-2.0.0-cp314-cp314-manylinux2014_aarch64.manylinux_2_17_aarch64.whl", hash = "sha256:24b6f81f1983e6df8db3adc38562c83f7d4a0c36162885ec7f7b77c7dcbec97b", size = 220049, upload-time = "2025-09-08T23:23:20.853Z" },
    { url = "https://files.pythonhosted.org/packages/b4/89/76799151d9c2d2d1ead63c2429da9ea9d7aac304603de0c6e8764e6e8e70/cffi-2.0.0-cp314-cp314-manylinux2014_ppc64le.manylinux_2_17_ppc64le.whl", hash = "sha256:12873ca6cb9b0f0d3a0da705d6086fe911591737a59f28b7936bdfed27c0d47c", size = 207793, upload-time = "2025-09-08T23:23:22.08Z" },
    { url = "https://files.pythonhosted.org/packages/bb/dd/3465b14bb9e24ee24cb88c9e3730f6de63111fffe513492bf8c808a3547e/cffi-2.0.0-cp314-cp314-manylinux2014_s390x.manylinux_2_17_s390x.whl", hash = "sha256:d9b97165e8aed9272a6bb17c01e3cc5871a594a446ebedc996e2397a1c1ea8ef", size = 206300, upload-time = "2025-09-08T23:23:23.314Z" },
    { url = "https://files.pythonhosted.org/packages/47/d9/d83e293854571c877a92da46fdec39158f8d7e68da75bf73581225d28e90/cffi-2.0.0-cp314-cp314-manylinux2014_x86_64.manylinux_2_17_x86_64.whl", hash = "sha256:afb8db5439b81cf9c9d0c80404b60c3cc9c3add93e114dcae767f1477cb53775", size = 219244, upload-time = "2025-09-08T23:23:24.541Z" },
    { url = "https://files.pythonhosted.org/packages/2b/0f/1f177e3683aead2bb00f7679a16451d302c436b5cbf2505f0ea8146ef59e/cffi-2.0.0-cp314-cp314-musllinux_1_2_aarch64.whl", hash = "sha256:737fe7d37e1a1bffe70bd5754ea763a62a066dc5913ca57e957824b72a85e205", size = 222828, upload-time = "2025-09-08T23:23:26.143Z" },
    { url = "https://files.pythonhosted.org/packages/c6/0f/cafacebd4b040e3119dcb32fed8bdef8dfe94da653155f9d0b9dc660166e/cffi-2.0.0-cp314-cp314-musllinux_1_2_x86_64.whl", hash = "sha256:38100abb9d1b1435bc4cc340bb4489635dc2f0da7456590877030c9b3d40b0c1", size = 220926, upload-time = "2025-09-08T23:23:27.873Z" },
    { url = "https://files.pythonhosted.org/packages/3e/aa/df335faa45b395396fcbc03de2dfcab242cd61a9900e914fe682a59170b1/cffi-2.0.0-cp314-cp314-win32.whl", hash = "sha256:087067fa8953339c723661eda6b54bc98c5625757ea62e95eb4898ad5e776e9f", size = 175328, upload-time = "2025-09-08T23:23:44.61Z" },
    { url = "https://files.pythonhosted.org/packages/bb/92/882c2d30831744296ce713f0feb4c1cd30f346ef747b530b5318715cc367/cffi-2.0.0-cp314-cp314-win_amd64.whl", hash = "sha256:203a48d1fb583fc7d78a4c6655692963b860a417c0528492a6bc21f1aaefab25", size = 185650, upload-time = "2025-09-08T23:23:45.848Z" },
    { url = "https://files.pythonhosted.org/packages/9f/2c/98ece204b9d35a7366b5b2c6539c350313ca13932143e79dc133ba757104/cffi-2.0.0-cp314-cp314-win_arm64.whl", hash = "sha256:dbd5c7a25a7cb98f5ca55d258b103a2054f859a46ae11aaf23134f9cc0d356ad", size = 180687, upload-time = "2025-09-08T23:23:47.105Z" },
    { url = "https://files.pythonhosted.org/packages/3e/61/c768e4d548bfa607abcda77423448df8c471f25dbe64fb2ef6d555eae006/cffi-2.0.0-cp314-cp314t-macosx_10_13_x86_64.whl", hash = "sha256:9a67fc9e8eb39039280526379fb3a70023d77caec1852002b4da7e8b270c4dd9", size = 188773, upload-time = "2025-09-08T23:23:29.347Z" },
    { url = "https://files.pythonhosted.org/packages/2c/ea/5f76bce7cf6fcd0ab1a1058b5af899bfbef198bea4d5686da88471ea0336/cffi-2.0.0-cp314-cp314t-macosx_11_0_arm64.whl", hash = "sha256:7a66c7204d8869299919db4d5069a82f1561581af12b11b3c9f48c584eb8743d", size = 185013, upload-time = "2025-09-08T23:23:30.63Z" },
    { url = "https://files.pythonhosted.org/packages/be/b4/c56878d0d1755cf9caa54ba71e5d049479c52f9e4afc230f06822162ab2f/cffi-2.0.0-cp314-cp314t-manylinux2014_aarch64.manylinux_2_17_aarch64.whl", hash = "sha256:7cc09976e8b56f8cebd752f7113ad07752461f48a58cbba644139015ac24954c", size = 221593, upload-time = "2025-09-08T23:23:31.91Z" },
    { url = "https://files.pythonhosted.org/packages/e0/0d/eb704606dfe8033e7128df5e90fee946bbcb64a04fcdaa97321309004000/cffi-2.0.0-cp314-cp314t-manylinux2014_ppc64le.manylinux_2_17_ppc64le.whl", hash = "sha256:92b68146a71df78564e4ef48af17551a5ddd142e5190cdf2c5624d0c3ff5b2e8", size = 209354, upload-time = "2025-09-08T23:23:33.214Z" },
    { url = "https://files.pythonhosted.org/packages/d8/19/3c435d727b368ca475fb8742ab97c9cb13a0de600ce86f62eab7fa3eea60/cffi-2.0.0-cp314-cp314t-manylinux2014_s390x.manylinux_2_17_s390x.whl", hash = "sha256:b1e74d11748e7e98e2f426ab176d4ed720a64412b6a15054378afdb71e0f37dc", size = 208480, upload-time = "2025-09-08T23:23:34.495Z" },
    { url = "https://files.pythonhosted.org/packages/d0/44/681604464ed9541673e486521497406fadcc15b5217c3e326b061696899a/cffi-2.0.0-cp314-cp314t-manylinux2014_x86_64.manylinux_2_17_x86_64.whl", hash = "sha256:28a3a209b96630bca57cce802da70c266eb08c6e97e5afd61a75611ee6c64592", size = 221584, upload-time = "2025-09-08T23:23:36.096Z" },
    { url = "https://files.pythonhosted.org/packages/25/8e/342a504ff018a2825d395d44d63a767dd8ebc927ebda557fecdaca3ac33a/cffi-2.0.0-cp314-cp314t-musllinux_1_2_aarch64.whl", hash = "sha256:7553fb2090d71822f02c629afe6042c299edf91ba1bf94951165613553984512", size = 224443, upload-time = "2025-09-08T23:23:37.328Z" },
    { url = "https://files.pythonhosted.org/packages/e1/5e/b666bacbbc60fbf415ba9988324a132c9a7a0448a9a8f125074671c0f2c3/cffi-2.0.0-cp314-cp314t-musllinux_1_2_x86_64.whl", hash = "sha256:6c6c373cfc5c83a975506110d17457138c8c63016b563cc9ed6e056a82f13ce4", size = 223437, upload-time = "2025-09-08T23:23:38.945Z" },
    { url = "https://files.pythonhosted.org/packages/a0/1d/ec1a60bd1a10daa292d3cd6bb0b359a81607154fb8165f3ec95fe003b85c/cffi-2.0.0-cp314-cp314t-win32.whl", hash = "sha256:1fc9ea04857caf665289b7a75923f2c6ed559b8298a1b8c49e59f7dd95c8481e", size = 180487, upload-time = "2025-09-08T23:23:40.423Z" },
    { url = "https://files.pythonhosted.org/packages/bf/41/4c1168c74fac325c0c8156f04b6749c8b6a8f405bbf91413ba088359f60d/cffi-2.0.0-cp314-cp314t-win_amd64.whl", hash = "sha256:d68b6cef7827e8641e8ef16f4494edda8b36104d79773a334beaa1e3521430f6", size = 191726, upload-time = "2025-09-08T23:23:41.742Z" },
    { url = "https://files.pythonhosted.org/packages/ae/3a/dbeec9d1ee0844c679f6bb5d6ad4e9f198b1224f4e7a32825f47f6192b0c/cffi-2.0.0-cp314-cp314t-win_arm64.whl", hash = "sha256:0a1527a803f0a659de1af2e1fd700213caba79377e27e4693648c2923da066f9", size = 184195, upload-time = "2025-09-08T23:23:43.004Z" },
]

[[package]]
name = "clingo"
version = "5.8.0"
source = { registry = "https://pypi.org/simple" }
dependencies = [
    { name = "cffi" },
]
sdist = { url = "https://files.pythonhosted.org/packages/f0/05/1a8a34eea27e73e4c6f7c9d0654b4fd7f509a5fbbb7b3eae7735e5ecd1c2/clingo-5.8.0.tar.gz", hash = "sha256:e557d0ab209bfe185e4ae9dde531ca777be1b72a1a13a5d169926a1f9e4c4480", size = 1910050, upload-time = "2025-04-03T14:08:36.354Z" }
wheels = [
    { url = "https://files.pythonhosted.org/packages/e8/cb/9709d548e13a24915cc1f8f411ecb3188fccb6984edab0d2899efcad7cd0/clingo-5.8.0-cp314-cp314-macosx_13_0_arm64.whl", hash = "sha256:b9bdd742a5ed7a151cbc4afbb415f791158b55f85f58782f69765447095465b8", size = 1615275, upload-time = "2026-04-14T15:30:50.169Z" },
    { url = "https://files.pythonhosted.org/packages/f1/54/6dbc154d48df8c1c010d801ab40a28294ff63e8bf015a174a206d8379435/clingo-5.8.0-cp314-cp314-macosx_13_0_x86_64.whl", hash = "sha256:95b79ae14461417d011d034f85b98ebdda5558c8c1a3894959315cdc1a6af387", size = 1768590, upload-time = "2026-04-14T15:30:52.864Z" },
    { url = "https://files.pythonhosted.org/packages/d6/00/c8af30fb0489c16ac214a69aa7ccb83baef3ed6bf863428c3785922d80de/clingo-5.8.0-cp314-cp314-manylinux_2_26_aarch64.manylinux_2_28_aarch64.whl", hash = "sha256:01abafda1c3e079fadeb68dd812c1a132e6e42f9e25aadc6f1a787e2c91ed9f1", size = 2122680, upload-time = "2026-04-14T15:30:54.338Z" },
    { url = "https://files.pythonhosted.org/packages/fc/6f/6863c475d72861e7c0f6c919e6e3b4cf4523338359f641dd5fe197cb24d6/clingo-5.8.0-cp314-cp314-manylinux_2_26_i686.manylinux_2_28_i686.whl", hash = "sha256:6f8836a9e2df0b201e2a29b0cd2351d251146efe80e5b55b2f92e7f4501118fb", size = 2418616, upload-time = "2026-04-14T15:30:56.989Z" },
    { url = "https://files.pythonhosted.org/packages/ae/6d/c7a55294dbfc89f21a3c856d68cfe1d1ef810fc56782bdbf190259e74445/clingo-5.8.0-cp314-cp314-manylinux_2_26_ppc64le.manylinux_2_28_ppc64le.whl", hash = "sha256:62136d2fa4325b3cbc7023be19f721aa0b3ff0be07eca61158963659b5ac4271", size = 2525797, upload-time = "2026-04-14T15:30:58.557Z" },
    { url = "https://files.pythonhosted.org/packages/3b/66/04e27bfafb020bea26fdac7101df25a237fa7737618c1f454beed9b1effa/clingo-5.8.0-cp314-cp314-manylinux_2_27_x86_64.manylinux_2_28_x86_64.whl", hash = "sha256:99efafa32d37e0ea5a82af1325a7b2a0ad0ab299fe6e68528fa6069b8c53e109", size = 2256742, upload-time = "2026-04-14T15:30:59.996Z" },
    { url = "https://files.pythonhosted.org/packages/c0/15/471203b61ecffe3318e952dcdbc4239786e0ba906dfe8c82876a3f0d4b77/clingo-5.8.0-cp314-cp314-musllinux_1_2_i686.whl", hash = "sha256:3094642aa65f5e1c1aeb791d0843bc9eb3c72dfd07683cd7b3768280d45fdc51", size = 3624012, upload-time = "2026-04-14T15:31:01.468Z" },
    { url = "https://files.pythonhosted.org/packages/6d/33/2c0319f994d2b8d1dba427f33ca460c89108d7882a0927045c8b04786de2/clingo-5.8.0-cp314-cp314-musllinux_1_2_x86_64.whl", hash = "sha256:386d028fd6e775f5d3fd6d6f71d1473e164199e44131f6326060ca447531e95d", size = 3341468, upload-time = "2026-04-14T15:31:03.437Z" },
    { url = "https://files.pythonhosted.org/packages/d0/31/ad2c0e62cea5519bf8fdf5769e086d61a99850ff9d268ff849155675b708/clingo-5.8.0-cp314-cp314-win_amd64.whl", hash = "sha256:51042c1abbf7ee2fed20207b6cd39bd65224654afc315edda14e2baadf8991ed", size = 1414851, upload-time = "2026-04-14T15:31:05.294Z" },
]

[[package]]
name = "cykhash"
version = "2.0.1"
source = { registry = "https://pypi.org/simple" }
sdist = { url = "https://files.pythonhosted.org/packages/a5/24/bc570e0f3bb769ebdc178dce52b5be3575ced0c8135a32f0299dff2c138e/cykhash-2.0.1.tar.gz", hash = "sha256:b4794bc9f549114d8cf1d856d9f64e08ff5f246bf043cf369fdb414e9ceb97f7", size = 44895, upload-time = "2023-02-05T15:31:14.722Z" }

[[package]]
name = "immutabledict"
version = "4.3.1"
source = { registry = "https://pypi.org/simple" }
sdist = { url = "https://files.pythonhosted.org/packages/1d/e6/718471048fea0366c3e3d1df3acfd914ca66d571cdffcf6d37bbcd725708/immutabledict-4.3.1.tar.gz", hash = "sha256:f844a669106cfdc73f47b1a9da003782fb17dc955a54c80972e0d93d1c63c514", size = 7806, upload-time = "2026-02-15T10:32:34.668Z" }
wheels = [
    { url = "https://files.pythonhosted.org/packages/a3/ce/f9018bf69ae91b273b6391a095e7c93fa5e1617f25b6ba81ad4b20c9df10/immutabledict-4.3.1-py3-none-any.whl", hash = "sha256:c9facdc0ff30fdb8e35bd16532026cac472a549e182c94fa201b51b25e4bf7bf", size = 5000, upload-time = "2026-02-15T10:32:33.672Z" },
]

[[package]]
name = "inductive-logic-popper"
version = "0.1.0"
source = { virtual = "." }
dependencies = [
    { name = "clingo" },
    { name = "popper" },
]

[package.metadata]
requires-dist = [
    { name = "clingo", specifier = ">=5.8.0" },
    { name = "popper", git = "https://github.com/logic-and-learning-lab/Popper" },
]

[[package]]
name = "janus-swi"
version = "1.5.2"
source = { registry = "https://pypi.org/simple" }
sdist = { url = "https://files.pythonhosted.org/packages/a4/3e/cb5f1d793c4f13627e57df04ac388de2b9b10797857dcbda749df8f11bfc/janus_swi-1.5.2.tar.gz", hash = "sha256:bfdea2e4933a35744412def927d6e748184a935076e2e51b1fdbbfbdf48d0e47", size = 89652, upload-time = "2025-01-11T13:10:26.861Z" }

[[package]]
name = "numpy"
version = "2.4.5"
source = { registry = "https://pypi.org/simple" }
sdist = { url = "https://files.pythonhosted.org/packages/50/8e/b8041bc719f056afd864478029d52214789341ac6583437b0ee5031e9530/numpy-2.4.5.tar.gz", hash = "sha256:ca670567a5683b7c1670ec03e0ddd5862e10934e92a70751d68d7b7b74ca7f9f", size = 20735669, upload-time = "2026-05-15T20:25:19.492Z" }
wheels = [
    { url = "https://files.pythonhosted.org/packages/ca/c1/3be0bf102fc17cff5bd142e3be0bfffabec6fa46da0a462396c76b0765d0/numpy-2.4.5-cp314-cp314-macosx_10_15_x86_64.whl", hash = "sha256:889ca2c072315de638a5194a772aa1fa2df92bdd6175f6a222d4784040424b61", size = 16683455, upload-time = "2026-05-15T20:24:08.988Z" },
    { url = "https://files.pythonhosted.org/packages/e8/3e/0742d724901fa36bc54b338c6e62e463a7601180da896aa44978f0adf004/numpy-2.4.5-cp314-cp314-macosx_11_0_arm64.whl", hash = "sha256:89e89304fb1f8c3f0ecfa4a7d48f311dd79771336a940e920159d643d1307e77", size = 14704577, upload-time = "2026-05-15T20:24:11.542Z" },
    { url = "https://files.pythonhosted.org/packages/25/1c/196c610ff4c6782d697ba780ebdc1616be143213701bf22c1a270f3bf7dd/numpy-2.4.5-cp314-cp314-macosx_14_0_arm64.whl", hash = "sha256:144fcc5a3a17679b2b82543b4a2d8dd29937230a7af13232b5f753872feb6361", size = 5209756, upload-time = "2026-05-15T20:24:14.091Z" },
    { url = "https://files.pythonhosted.org/packages/52/c0/23fb1bc506f774e03db66219a2830e720f4d3dbcaaddf855a7ff7bb6d96f/numpy-2.4.5-cp314-cp314-macosx_14_0_x86_64.whl", hash = "sha256:398bb16772b265b9fa5c07b07072646ea97137c10ffb62a9a087b277fc825c29", size = 6543937, upload-time = "2026-05-15T20:24:16.223Z" },
    { url = "https://files.pythonhosted.org/packages/9f/49/db4662c26e68520afcc84d672a6f9f5294063dee0e57a46d61afdaa7f9ed/numpy-2.4.5-cp314-cp314-manylinux_2_27_aarch64.manylinux_2_28_aarch64.whl", hash = "sha256:fb352e7b8876da1249e72254736d6c58c505fa4e58a3d7e30efca241ca9ca9ce", size = 15685292, upload-time = "2026-05-15T20:24:17.978Z" },
    { url = "https://files.pythonhosted.org/packages/43/80/1315439acedd8398319bac177d6de3d48ab39c62cc0c810f74f0a9a73996/numpy-2.4.5-cp314-cp314-manylinux_2_27_x86_64.manylinux_2_28_x86_64.whl", hash = "sha256:7341b08ff8124d7353939778e2707b8732d03c78c1c30e0815aba2dacbe1245a", size = 16638528, upload-time = "2026-05-15T20:24:20.478Z" },
    { url = "https://files.pythonhosted.org/packages/56/81/364388600932618fe735d97fdd2437cb8dd87a23377ac11d8b9d5db098b7/numpy-2.4.5-cp314-cp314-musllinux_1_2_aarch64.whl", hash = "sha256:deb01226f012539f3945261ffe1c10aec081a0fa0a5c925419933c70f3ae2d23", size = 17036709, upload-time = "2026-05-15T20:24:22.949Z" },
    { url = "https://files.pythonhosted.org/packages/32/4a/a1185b18a94a6d9587e54b437e7d0ba36ecf6e614f1bea03f5249912c64e/numpy-2.4.5-cp314-cp314-musllinux_1_2_x86_64.whl", hash = "sha256:d888bdf7335f76878c3c7b264ac1ff089863e211ec81249f9fb5795c2183dc25", size = 18363254, upload-time = "2026-05-15T20:24:25.402Z" },
    { url = "https://files.pythonhosted.org/packages/b9/8e/95c1d2ed15ae97750ede8c8a0ac487c9c01207afff430f47078b1d9d7dc5/numpy-2.4.5-cp314-cp314-win32.whl", hash = "sha256:15f90d1256e9b2320aff24fde44815b787ab6d7c49a1a11bfd8138b321c5f080", size = 6010184, upload-time = "2026-05-15T20:24:27.852Z" },
    { url = "https://files.pythonhosted.org/packages/aa/92/d063df4d63d988b20d881856c74df76c0c1786229bb870f3a52af0981d4d/numpy-2.4.5-cp314-cp314-win_amd64.whl", hash = "sha256:4bd2cd4ef9c0afa87de73723c0a33c0edff62143e1432917458e26d3d195d87f", size = 12450344, upload-time = "2026-05-15T20:24:29.856Z" },
    { url = "https://files.pythonhosted.org/packages/3d/64/c0ae481f7c3b2f85869bcd8fc5d30aa7c96b394162eef9c9315957f115c5/numpy-2.4.5-cp314-cp314-win_arm64.whl", hash = "sha256:db304568c650e9d7039744d3575d0d287754debb2057d7c7b8cdfdc2c487a957", size = 10495674, upload-time = "2026-05-15T20:24:32.352Z" },
    { url = "https://files.pythonhosted.org/packages/57/89/c5a4c677acf17aa50ba09a15e61812f90baac42bb6ca38d112e005858351/numpy-2.4.5-cp314-cp314t-macosx_11_0_arm64.whl", hash = "sha256:6de2883e0d2c63eae1bab1a84b390dca74aabb3d20ea1f5d58f360853c83abf3", size = 14824078, upload-time = "2026-05-15T20:24:34.669Z" },
    { url = "https://files.pythonhosted.org/packages/e7/52/57e7144284f6b51ba93523e495ff239260b1ecd5257e3700a436332e5688/numpy-2.4.5-cp314-cp314t-macosx_14_0_arm64.whl", hash = "sha256:06760fe73ae5005008748d182de612c733542af3cde063d532cd2127561b27be", size = 5329246, upload-time = "2026-05-15T20:24:36.957Z" },
    { url = "https://files.pythonhosted.org/packages/b9/b3/09dbce80fd4a7db4318f2fc01eec0ae76f29306442b5a32d4b811d082cdf/numpy-2.4.5-cp314-cp314t-macosx_14_0_x86_64.whl", hash = "sha256:4b51a01745cb04cc19278482207444b4d30728ce91c28d27a3bfae5fc6ff24c7", size = 6649877, upload-time = "2026-05-15T20:24:38.861Z" },
    { url = "https://files.pythonhosted.org/packages/30/c2/dbdb23e82d540b757690ef13f011c386fca6a63848eec6136baf8ce7cbed/numpy-2.4.5-cp314-cp314t-manylinux_2_27_aarch64.manylinux_2_28_aarch64.whl", hash = "sha256:9a05636d7937d0936f271e5ba957fa8d746b5be3c2025caa1a2508f4fe521d40", size = 15730534, upload-time = "2026-05-15T20:24:41.168Z" },
    { url = "https://files.pythonhosted.org/packages/c4/bd/68f6e9b3c20decf40ac06708a7b506757e3a8588efed32988d1b747316be/numpy-2.4.5-cp314-cp314t-manylinux_2_27_x86_64.manylinux_2_28_x86_64.whl", hash = "sha256:14b86f56048ed09c3bbe48962a7dff077c2fd3274f8cf981800f3b38eac49cc3", size = 16679741, upload-time = "2026-05-15T20:24:44.874Z" },
    { url = "https://files.pythonhosted.org/packages/39/1d/0fcac0b6b4ea1b50ca8fca05a34bed5c8d56e34c1cb5ffb04cf76109ac3c/numpy-2.4.5-cp314-cp314t-musllinux_1_2_aarch64.whl", hash = "sha256:130d58151c4db23e9fa860b84784e219a3aa3e030acc88a493ea37006c4dfd4c", size = 17085598, upload-time = "2026-05-15T20:24:47.603Z" },
    { url = "https://files.pythonhosted.org/packages/0b/e8/a472b2564cf6cc498ad7aa9741d9832648221b8ab8cc0dbef41faa248ede/numpy-2.4.5-cp314-cp314t-musllinux_1_2_x86_64.whl", hash = "sha256:d475afc8cbe935ff5944f753d863bba774d7f4e1feaaa4102901e3e053ca5963", size = 18403855, upload-time = "2026-05-15T20:24:50.474Z" },
    { url = "https://files.pythonhosted.org/packages/b9/a4/da82196f8cc4bd28ecf17bd57008c84f3d4696caf06753d9bad45e4ad749/numpy-2.4.5-cp314-cp314t-win32.whl", hash = "sha256:27f4a6dc26353a860b348961b9aa9e009835688b435cfa105e873b8dc2c726f5", size = 6156900, upload-time = "2026-05-15T20:24:53.134Z" },
    { url = "https://files.pythonhosted.org/packages/98/31/860959b91a73d9a085006554fa3850da51a7ffab64599bac5097243438ab/numpy-2.4.5-cp314-cp314t-win_amd64.whl", hash = "sha256:76ac6e90f5e226011c88f9b7040a4bcae612518bc7e9adc127e697a13b28ad1a", size = 12638906, upload-time = "2026-05-15T20:24:55.009Z" },
    { url = "https://files.pythonhosted.org/packages/9e/2a/bbd3097913083ad07c0f28fc9629666221fc18923e17ce97ae22a5dccdd6/numpy-2.4.5-cp314-cp314t-win_arm64.whl", hash = "sha256:7c392e2c1bf596701d3c6832be7567eab5d5b0a13865036c33365ee097d37f8b", size = 10565875, upload-time = "2026-05-15T20:24:57.425Z" },
]

[[package]]
name = "ortools"
version = "9.15.6755"
source = { registry = "https://pypi.org/simple" }
dependencies = [
    { name = "absl-py" },
    { name = "immutabledict" },
    { name = "numpy" },
    { name = "pandas" },
    { name = "protobuf" },
    { name = "typing-extensions" },
]
wheels = [
    { url = "https://files.pythonhosted.org/packages/53/ef/53a172ad12cf0d762b9a5af681b1f13f1b4105b38bf65c2b383d530ed97f/ortools-9.15.6755-cp314-cp314-macosx_10_15_x86_64.whl", hash = "sha256:acdf06a167933307608e7eba23a9490255933504df44c8de5f62c48656c29688", size = 23916963, upload-time = "2026-01-14T15:39:13.282Z" },
    { url = "https://files.pythonhosted.org/packages/13/54/ed73ec00369fb6d6c71049d62e4b7c87c918b61f86ddd55a11c20ada395e/ortools-9.15.6755-cp314-cp314-macosx_11_0_arm64.whl", hash = "sha256:1a0677270b0cd317a6b8dae42514264eaf5da5756c5bc7215eeea409424577df", size = 21923649, upload-time = "2026-01-14T15:39:16.831Z" },
    { url = "https://files.pythonhosted.org/packages/1c/e0/ac57dd43eaadd73748bb542b30912e16c7dbf3a75f393f69efb8a1a2f032/ortools-9.15.6755-cp314-cp314-manylinux_2_26_aarch64.manylinux_2_28_aarch64.whl", hash = "sha256:899b92afe3f775ab5867b9a8aa2850f81f2d95232db9b4ceec3456d69e6b8528", size = 27657273, upload-time = "2026-01-14T15:38:18.375Z" },
    { url = "https://files.pythonhosted.org/packages/b2/e0/11144feb4ddadc491dc9d833d3a2080e6556245f912bebe2c0c7e174f2a1/ortools-9.15.6755-cp314-cp314-manylinux_2_27_x86_64.manylinux_2_28_x86_64.whl", hash = "sha256:7181183cdcafe2b0d83ca5505b65048c7953dc7b5ad479361dded607964cc1b3", size = 29843939, upload-time = "2026-01-14T15:38:21.457Z" },
    { url = "https://files.pythonhosted.org/packages/96/97/771515ba3a05da3903b7da55a190d9f88f36a08c4bf848852e0ea4e3a731/ortools-9.15.6755-cp314-cp314-win_amd64.whl", hash = "sha256:afabb869e5fabeb704bd8147b22bf8139dee042e55fabd0d447a996428009e0c", size = 24673633, upload-time = "2026-01-14T15:39:51.212Z" },
    { url = "https://files.pythonhosted.org/packages/46/99/0932d6d7d6ad326adf68f4ce9063ef07db7e9859859dddbcd200102aedff/ortools-9.15.6755-cp314-cp314t-manylinux_2_26_aarch64.manylinux_2_28_aarch64.whl", hash = "sha256:d9d07cddca201e25e2e219006a9d6cda10c7e9ee2c712c50d19d508f9ed8a888", size = 27682088, upload-time = "2026-01-14T15:38:25.174Z" },
    { url = "https://files.pythonhosted.org/packages/0e/4d/bd75961e2c82db69bb41dd2c4a82131ca580e997485be2d5f59f8d26f31e/ortools-9.15.6755-cp314-cp314t-manylinux_2_27_x86_64.manylinux_2_28_x86_64.whl", hash = "sha256:990838ad66a052e72a50e69da500878710e3420e91717fe88bf3071995caba9e", size = 29851493, upload-time = "2026-01-14T15:38:28.168Z" },
]

[[package]]
name = "pandas"
version = "3.0.3"
source = { registry = "https://pypi.org/simple" }
dependencies = [
    { name = "numpy" },
    { name = "python-dateutil" },
    { name = "tzdata", marker = "sys_platform == 'emscripten' or sys_platform == 'win32'" },
]
sdist = { url = "https://files.pythonhosted.org/packages/f8/87/4341c6252d1c47b08768c3d25ac487362bf403f0313ddae4a2a26c9b1b4c/pandas-3.0.3.tar.gz", hash = "sha256:696a4a00a2a2a35d4e5deb3fc946641b96c944f02230e4f76137fe35d806c4fc", size = 4651414, upload-time = "2026-05-11T18:54:29.21Z" }
wheels = [
    { url = "https://files.pythonhosted.org/packages/86/54/effdcc3c0ff7a08037889200e148ebe94c16c4f653be078c7b3675955df1/pandas-3.0.3-cp314-cp314-macosx_10_15_x86_64.whl", hash = "sha256:3650109c0f22879df8bd6179ab9ee3d7f1d1d4e7e0094a3f0032d9f51e2e64ac", size = 10336065, upload-time = "2026-05-11T18:53:41.099Z" },
    { url = "https://files.pythonhosted.org/packages/68/10/bf2d6738d72748b961a3751ab89522d58c54efc36a8e1a12161216cd45cf/pandas-3.0.3-cp314-cp314-macosx_11_0_arm64.whl", hash = "sha256:bab900348131a7db1f69a7309ef141fd5680f1487094193bcbbb61791573bf8f", size = 9926101, upload-time = "2026-05-11T18:53:43.515Z" },
    { url = "https://files.pythonhosted.org/packages/ae/e9/e35cf11c8a136e757b956f5f0efdcaa50aecde85ea055f1898dfc68262f3/pandas-3.0.3-cp314-cp314-manylinux_2_24_aarch64.manylinux_2_28_aarch64.whl", hash = "sha256:ba7e08b9ac1d54569cd1e256e3668975ed624d6826f7b68df0342b012007bddb", size = 10457553, upload-time = "2026-05-11T18:53:46.394Z" },
    { url = "https://files.pythonhosted.org/packages/58/3b/1cdec6772bdbaf7b25dab360c59f03cadf05492dd724c6540af905389b07/pandas-3.0.3-cp314-cp314-manylinux_2_24_x86_64.manylinux_2_28_x86_64.whl", hash = "sha256:9d71c63ae4ebdbf70209742096f1fc46a83a0613c99d4b23766cced9ff8cd62a", size = 10914065, upload-time = "2026-05-11T18:53:49.134Z" },
    { url = "https://files.pythonhosted.org/packages/c4/c2/1ef644445fcd72e3627bceec77e3560636f87ddce4ed841afe76b83b5bf9/pandas-3.0.3-cp314-cp314-musllinux_1_2_aarch64.whl", hash = "sha256:e3a2ec42c98ffa2565a67e08e218d06d72576d758d90facb7c00805194d8f360", size = 11459188, upload-time = "2026-05-11T18:53:52.527Z" },
    { url = "https://files.pythonhosted.org/packages/7e/49/4d8d4f42cbc9c4adc7a1870f269c02cbd6cd40d059622c06fb298addcbad/pandas-3.0.3-cp314-cp314-musllinux_1_2_x86_64.whl", hash = "sha256:335f62418ed562cfc3c49e9e196375c28b729dcef8543abf4f9438e381bf3c76", size = 11982966, upload-time = "2026-05-11T18:53:55.043Z" },
    { url = "https://files.pythonhosted.org/packages/38/55/792619469bab9882d8bbd5865d45a72f6478762d04a9af4bf0d08c503e95/pandas-3.0.3-cp314-cp314-win_amd64.whl", hash = "sha256:3c20a521bbb85902f79f7270c80a59e1b5452d96d170c034f207181870f97ac5", size = 9876755, upload-time = "2026-05-11T18:53:58.067Z" },
    { url = "https://files.pythonhosted.org/packages/2a/af/33c469653b0ba03b50c3a98192d4c07f0c75c66b263ceb097fce0ee97d31/pandas-3.0.3-cp314-cp314-win_arm64.whl", hash = "sha256:a2d2dff8a04f3917b55ab3910c32990f8ddf7eceba114947838cefa976a68977", size = 9198658, upload-time = "2026-05-11T18:54:00.733Z" },
    { url = "https://files.pythonhosted.org/packages/a2/fa/b8c257bd76b8bd060c3a9151c1fca05e9b9c5e3af5d0f549c0356f6d143d/pandas-3.0.3-cp314-cp314t-macosx_10_15_x86_64.whl", hash = "sha256:0d589105b3c14645af1738ff279b2995102d8f7a03b0a66dc8d95550eb513e04", size = 10787242, upload-time = "2026-05-11T18:54:03.564Z" },
    { url = "https://files.pythonhosted.org/packages/54/eb/f19206ffb0bf1919002969aa448b4702c6594845156a6f8050674855aac3/pandas-3.0.3-cp314-cp314t-macosx_11_0_arm64.whl", hash = "sha256:13fc1e853d9e04743d11ba75a985ccbc2a317fe07d8af61e445a6fd24dacd6a6", size = 10436369, upload-time = "2026-05-11T18:54:06.311Z" },
    { url = "https://files.pythonhosted.org/packages/fd/24/c7c39fb4fe22b71a0c2d78bf0c585c600092d85f94f086d2b3b2f6ca27e2/pandas-3.0.3-cp314-cp314t-manylinux_2_24_aarch64.manylinux_2_28_aarch64.whl", hash = "sha256:819959dab7bbd0049c15623fbac4e29a191b9528160a61fb1032242d8ced2d9c", size = 10358306, upload-time = "2026-05-11T18:54:09.085Z" },
    { url = "https://files.pythonhosted.org/packages/16/ec/dd2a9eb7fa1204df88c0864164e35b228ac581062ac612ba0a67fd812e4c/pandas-3.0.3-cp314-cp314t-manylinux_2_24_x86_64.manylinux_2_28_x86_64.whl", hash = "sha256:60ae316d3fd75d1858d450d0db0103ea2be3e7d4a95ec2f064f7e2ae63f7b028", size = 10758394, upload-time = "2026-05-11T18:54:11.956Z" },
    { url = "https://files.pythonhosted.org/packages/95/6e/00c61ea8e85b4f6d8d35e11852a1a4998fc7fafc91c6a602d1cc9c972d64/pandas-3.0.3-cp314-cp314t-musllinux_1_2_aarch64.whl", hash = "sha256:bd3a518890b400d32f9023722dc9a9a5c969f00b415419a3c06c043f09bb5d7d", size = 11375717, upload-time = "2026-05-11T18:54:14.539Z" },
    { url = "https://files.pythonhosted.org/packages/31/89/8fc1c268969fac43688d65fd92e67df24bd128d53cb4d2eee534cd307399/pandas-3.0.3-cp314-cp314t-musllinux_1_2_x86_64.whl", hash = "sha256:9c39be2d709d01fa972a0cabc522389fceca4f3969332ba25a7d6c5802cf976a", size = 11828897, upload-time = "2026-05-11T18:54:17.146Z" },
    { url = "https://files.pythonhosted.org/packages/56/3b/e7d20dea247a3e6dc0bd8a6953854afbedc03951def4e7371e05e7263e25/pandas-3.0.3-cp314-cp314t-win_amd64.whl", hash = "sha256:4db8c527972a821cf5286b40ccc57642a39bc62e62022b42f99f8a67fca8c3a1", size = 10900855, upload-time = "2026-05-11T18:54:19.72Z" },
    { url = "https://files.pythonhosted.org/packages/0f/54/68a0978d1ef8502b8492099beaa6e7a0c1b32e3b5d4f677f5810cb08711c/pandas-3.0.3-cp314-cp314t-win_arm64.whl", hash = "sha256:b2c95f8bfc1ee412bf482605d7bfd30c12d1d26bd59fdd91efeef1d4718decb1", size = 9466464, upload-time = "2026-05-11T18:54:22.754Z" },
]

[[package]]
name = "popper"
version = "5.0.0"
source = { git = "https://github.com/logic-and-learning-lab/Popper#6942e484b7cc528f30461cbeb778b6e76d4e2dd8" }
dependencies = [
    { name = "bitarray" },
    { name = "clingo" },
    { name = "cykhash" },
    { name = "janus-swi" },
    { name = "ortools" },
    { name = "pypblib" },
    { name = "python-sat" },
]

[[package]]
name = "protobuf"
version = "6.33.6"
source = { registry = "https://pypi.org/simple" }
sdist = { url = "https://files.pythonhosted.org/packages/66/70/e908e9c5e52ef7c3a6c7902c9dfbb34c7e29c25d2f81ade3856445fd5c94/protobuf-6.33.6.tar.gz", hash = "sha256:a6768d25248312c297558af96a9f9c929e8c4cee0659cb07e780731095f38135", size = 444531, upload-time = "2026-03-18T19:05:00.988Z" }
wheels = [
    { url = "https://files.pythonhosted.org/packages/fc/9f/2f509339e89cfa6f6a4c4ff50438db9ca488dec341f7e454adad60150b00/protobuf-6.33.6-cp310-abi3-win32.whl", hash = "sha256:7d29d9b65f8afef196f8334e80d6bc1d5d4adedb449971fefd3723824e6e77d3", size = 425739, upload-time = "2026-03-18T19:04:48.373Z" },
    { url = "https://files.pythonhosted.org/packages/76/5d/683efcd4798e0030c1bab27374fd13a89f7c2515fb1f3123efdfaa5eab57/protobuf-6.33.6-cp310-abi3-win_amd64.whl", hash = "sha256:0cd27b587afca21b7cfa59a74dcbd48a50f0a6400cfb59391340ad729d91d326", size = 437089, upload-time = "2026-03-18T19:04:50.381Z" },
    { url = "https://files.pythonhosted.org/packages/5c/01/a3c3ed5cd186f39e7880f8303cc51385a198a81469d53d0fdecf1f64d929/protobuf-6.33.6-cp39-abi3-macosx_10_9_universal2.whl", hash = "sha256:9720e6961b251bde64edfdab7d500725a2af5280f3f4c87e57c0208376aa8c3a", size = 427737, upload-time = "2026-03-18T19:04:51.866Z" },
    { url = "https://files.pythonhosted.org/packages/ee/90/b3c01fdec7d2f627b3a6884243ba328c1217ed2d978def5c12dc50d328a3/protobuf-6.33.6-cp39-abi3-manylinux2014_aarch64.whl", hash = "sha256:e2afbae9b8e1825e3529f88d514754e094278bb95eadc0e199751cdd9a2e82a2", size = 324610, upload-time = "2026-03-18T19:04:53.096Z" },
    { url = "https://files.pythonhosted.org/packages/9b/ca/25afc144934014700c52e05103c2421997482d561f3101ff352e1292fb81/protobuf-6.33.6-cp39-abi3-manylinux2014_s390x.whl", hash = "sha256:c96c37eec15086b79762ed265d59ab204dabc53056e3443e702d2681f4b39ce3", size = 339381, upload-time = "2026-03-18T19:04:54.616Z" },
    { url = "https://files.pythonhosted.org/packages/16/92/d1e32e3e0d894fe00b15ce28ad4944ab692713f2e7f0a99787405e43533a/protobuf-6.33.6-cp39-abi3-manylinux2014_x86_64.whl", hash = "sha256:e9db7e292e0ab79dd108d7f1a94fe31601ce1ee3f7b79e0692043423020b0593", size = 323436, upload-time = "2026-03-18T19:04:55.768Z" },
    { url = "https://files.pythonhosted.org/packages/c4/72/02445137af02769918a93807b2b7890047c32bfb9f90371cbc12688819eb/protobuf-6.33.6-py3-none-any.whl", hash = "sha256:77179e006c476e69bf8e8ce866640091ec42e1beb80b213c3900006ecfba6901", size = 170656, upload-time = "2026-03-18T19:04:59.826Z" },
]

[[package]]
name = "pycparser"
version = "3.0"
source = { registry = "https://pypi.org/simple" }
sdist = { url = "https://files.pythonhosted.org/packages/1b/7d/92392ff7815c21062bea51aa7b87d45576f649f16458d78b7cf94b9ab2e6/pycparser-3.0.tar.gz", hash = "sha256:600f49d217304a5902ac3c37e1281c9fe94e4d0489de643a9504c5cdfdfc6b29", size = 103492, upload-time = "2026-01-21T14:26:51.89Z" }
wheels = [
    { url = "https://files.pythonhosted.org/packages/0c/c3/44f3fbbfa403ea2a7c779186dc20772604442dde72947e7d01069cbe98e3/pycparser-3.0-py3-none-any.whl", hash = "sha256:b727414169a36b7d524c1c3e31839a521725078d7b2ff038656844266160a992", size = 48172, upload-time = "2026-01-21T14:26:50.693Z" },
]

[[package]]
name = "pypblib"
version = "0.0.4"
source = { registry = "https://pypi.org/simple" }
sdist = { url = "https://files.pythonhosted.org/packages/fb/f6/967cc8b9ea80c2a8e00913225de46d435ef441243ad1dd0a57935cc1d863/pypblib-0.0.4.tar.gz", hash = "sha256:71dd930bf177ca38d6eeb473702d05df07e11f20382db0c766465297eaf49062", size = 74033, upload-time = "2019-05-01T11:11:59.026Z" }

[[package]]
name = "python-dateutil"
version = "2.9.0.post0"
source = { registry = "https://pypi.org/simple" }
dependencies = [
    { name = "six" },
]
sdist = { url = "https://files.pythonhosted.org/packages/66/c0/0c8b6ad9f17a802ee498c46e004a0eb49bc148f2fd230864601a86dcf6db/python-dateutil-2.9.0.post0.tar.gz", hash = "sha256:37dd54208da7e1cd875388217d5e00ebd4179249f90fb72437e91a35459a0ad3", size = 342432, upload-time = "2024-03-01T18:36:20.211Z" }
wheels = [
    { url = "https://files.pythonhosted.org/packages/ec/57/56b9bcc3c9c6a792fcbaf139543cee77261f3651ca9da0c93f5c1221264b/python_dateutil-2.9.0.post0-py2.py3-none-any.whl", hash = "sha256:a8b2bc7bffae282281c8140a97d3aa9c14da0b136dfe83f850eea9a5f7470427", size = 229892, upload-time = "2024-03-01T18:36:18.57Z" },
]

[[package]]
name = "python-sat"
version = "1.9.dev2"
source = { registry = "https://pypi.org/simple" }
dependencies = [
    { name = "six" },
]
sdist = { url = "https://files.pythonhosted.org/packages/7b/92/a79cadc40aec4a26956d64387c737c00944edcb392ddafb2d7a5beae5bf2/python_sat-1.9.dev2.tar.gz", hash = "sha256:267b47742e3184356df2ecd9ccc9fb6e62243058ebc2565606cf33d04e1679e5", size = 5096565, upload-time = "2026-03-05T07:35:09.673Z" }
wheels = [
    { url = "https://files.pythonhosted.org/packages/b5/a0/82a30a6ef860cc17cd002c4e3408a988cee25bcdeab9fe292185a8a92c09/python_sat-1.9.dev2-cp314-cp314-macosx_10_13_x86_64.whl", hash = "sha256:2b9627dfa227c40e7bebf883a376c2c7b2baeeb04c5df26e095520fd76f7633b", size = 1946652, upload-time = "2026-03-05T07:34:30.431Z" },
    { url = "https://files.pythonhosted.org/packages/9d/72/fd67130271dfad317db3ba72ff0d9a098f76903dfd59a13a309fa36a5730/python_sat-1.9.dev2-cp314-cp314-macosx_11_0_arm64.whl", hash = "sha256:ed21038cfb224d0806a221611c9a3013f87b278a66189b2faaa1ef712ccfb0c2", size = 1783122, upload-time = "2026-03-05T07:34:32.007Z" },
    { url = "https://files.pythonhosted.org/packages/c3/3b/aefd6b3960b9018eb769e5cdc3ac3097351337373c0c731fed236638aeff/python_sat-1.9.dev2-cp314-cp314-manylinux_2_24_aarch64.manylinux_2_28_aarch64.whl", hash = "sha256:50c89f3827fd0194a50995825dae4961bae7a628da4e6cab864b6135f4a2c68f", size = 2982754, upload-time = "2026-03-05T07:34:33.909Z" },
    { url = "https://files.pythonhosted.org/packages/61/49/27b09d7e3fab12a4d2c1526178fa7902aff649d4d988809ea5b8052b0008/python_sat-1.9.dev2-cp314-cp314-manylinux_2_24_x86_64.manylinux_2_28_x86_64.whl", hash = "sha256:97366edb75490f47a5e6e163965ca146a27961a5736b1a3e22c12d27aaa473e3", size = 3079371, upload-time = "2026-03-05T07:34:35.836Z" },
    { url = "https://files.pythonhosted.org/packages/bf/bd/69b471701af758fe0b2b7d7685e059f3e3f2ad51108ebbebf0ae14a41cbc/python_sat-1.9.dev2-cp314-cp314-musllinux_1_2_aarch64.whl", hash = "sha256:b5b44fca0bfbd3373fed9084d622b8f9a8850c7ea64a5cdedc44ebecb1915a6f", size = 3954724, upload-time = "2026-03-05T07:34:37.25Z" },
    { url = "https://files.pythonhosted.org/packages/7e/a3/05b44aa04b17b5f3c3d6e955077f796c2d2b58a2e9ac4d57b5a60a342749/python_sat-1.9.dev2-cp314-cp314-musllinux_1_2_x86_64.whl", hash = "sha256:e935df979ee9bfc675e4cbe1c59211789cd649fe908d36671b6425e144ccd160", size = 4090563, upload-time = "2026-03-05T07:34:38.81Z" },
    { url = "https://files.pythonhosted.org/packages/fc/39/403ef265459f811db0a91d126c4111e4bc62dc74523475e4342af838e38e/python_sat-1.9.dev2-cp314-cp314-win_amd64.whl", hash = "sha256:8329213f478203d91caf32473fc133e3332735b44c077c7b3e7e8424fd3e59ee", size = 1546367, upload-time = "2026-03-05T07:27:23.341Z" },
    { url = "https://files.pythonhosted.org/packages/a9/09/a945ed0d30ba804e0ee29ea3aa11dbcf3d6260d47d07aa7f42adf3ba33a4/python_sat-1.9.dev2-cp314-cp314t-macosx_10_13_x86_64.whl", hash = "sha256:cb07ec016f7422b53356f9987c7aae59696b8090f1bc1f892c595f2c137f79ef", size = 1948713, upload-time = "2026-03-05T07:34:40.248Z" },
    { url = "https://files.pythonhosted.org/packages/5d/10/4a9f40fb24073ca67619bf78c553409c8853e1bc2ea25b5ae88601dbc017/python_sat-1.9.dev2-cp314-cp314t-macosx_11_0_arm64.whl", hash = "sha256:807d307d2aa1f6a0517d75f765538932cfcf4c2878a1f5879cf57d655a9bba70", size = 1785337, upload-time = "2026-03-05T07:34:41.743Z" },
    { url = "https://files.pythonhosted.org/packages/62/1e/4f41434fdf703379f73c14fabc9a76c6186cef09408e347977049e6b1605/python_sat-1.9.dev2-cp314-cp314t-manylinux_2_24_aarch64.manylinux_2_28_aarch64.whl", hash = "sha256:5a133541b80f0b7287c732703476f453ad1e2fb8023a78f729c921b6cc95a380", size = 3003603, upload-time = "2026-03-05T07:34:43.082Z" },
    { url = "https://files.pythonhosted.org/packages/3a/fc/43f71d6042033a1571017a4e4ed564ca7eed4dab73a850fc183964f2832a/python_sat-1.9.dev2-cp314-cp314t-manylinux_2_24_x86_64.manylinux_2_28_x86_64.whl", hash = "sha256:090e06810b6b4ba8d02ed74f5ab4b822ed1f83dc5b6b7bfa0255ed8472c0423c", size = 3102360, upload-time = "2026-03-05T07:34:44.746Z" },
    { url = "https://files.pythonhosted.org/packages/6b/c4/a8414483edd476c5e6bffc6a49b6c33597e6b06404d5927a5f0c6e2922c4/python_sat-1.9.dev2-cp314-cp314t-musllinux_1_2_aarch64.whl", hash = "sha256:4ea33a1eff6aa35c370853897da735efb7eee0d1cfb323d2927dc9a28af38f0d", size = 3970598, upload-time = "2026-03-05T07:34:46.261Z" },
    { url = "https://files.pythonhosted.org/packages/30/12/4f31dbc771a3cb5708c2bd21a714bbe3c48444be1337f5fd696b01df0a50/python_sat-1.9.dev2-cp314-cp314t-musllinux_1_2_x86_64.whl", hash = "sha256:c3d8f6522dcb3cc991419b5a29c3e08bdbea4ed4889b8646dd24897b8e0c2cff", size = 4108440, upload-time = "2026-03-05T07:34:47.679Z" },
]

[[package]]
name = "six"
version = "1.17.0"
source = { registry = "https://pypi.org/simple" }
sdist = { url = "https://files.pythonhosted.org/packages/94/e7/b2c673351809dca68a0e064b6af791aa332cf192da575fd474ed7d6f16a2/six-1.17.0.tar.gz", hash = "sha256:ff70335d468e7eb6ec65b95b99d3a2836546063f63acc5171de367e834932a81", size = 34031, upload-time = "2024-12-04T17:35:28.174Z" }
wheels = [
    { url = "https://files.pythonhosted.org/packages/b7/ce/149a00dd41f10bc29e5921b496af8b574d8413afcd5e30dfa0ed46c2cc5e/six-1.17.0-py2.py3-none-any.whl", hash = "sha256:4721f391ed90541fddacab5acf947aa0d3dc7d27b2e1e8eda2be8970586c3274", size = 11050, upload-time = "2024-12-04T17:35:26.475Z" },
]

[[package]]
name = "typing-extensions"
version = "4.15.0"
source = { registry = "https://pypi.org/simple" }
sdist = { url = "https://files.pythonhosted.org/packages/72/94/1a15dd82efb362ac84269196e94cf00f187f7ed21c242792a923cdb1c61f/typing_extensions-4.15.0.tar.gz", hash = "sha256:0cea48d173cc12fa28ecabc3b837ea3cf6f38c6d1136f85cbaaf598984861466", size = 109391, upload-time = "2025-08-25T13:49:26.313Z" }
wheels = [
    { url = "https://files.pythonhosted.org/packages/18/67/36e9267722cc04a6b9f15c7f3441c2363321a3ea07da7ae0c0707beb2a9c/typing_extensions-4.15.0-py3-none-any.whl", hash = "sha256:f0fa19c6845758ab08074a0cfa8b7aecb71c999ca73d62883bc25cc018c4e548", size = 44614, upload-time = "2025-08-25T13:49:24.86Z" },
]

[[package]]
name = "tzdata"
version = "2026.2"
source = { registry = "https://pypi.org/simple" }
sdist = { url = "https://files.pythonhosted.org/packages/ba/19/1b9b0e29f30c6d35cb345486df41110984ea67ae69dddbc0e8a100999493/tzdata-2026.2.tar.gz", hash = "sha256:9173fde7d80d9018e02a662e168e5a2d04f87c41ea174b139fbef642eda62d10", size = 198254, upload-time = "2026-04-24T15:22:08.651Z" }
wheels = [
    { url = "https://files.pythonhosted.org/packages/ce/e4/dccd7f47c4b64213ac01ef921a1337ee6e30e8c6466046018326977efd95/tzdata-2026.2-py2.py3-none-any.whl", hash = "sha256:bbe9af844f658da81a5f95019480da3a89415801f6cc966806612cc7169bffe7", size = 349321, upload-time = "2026-04-24T15:22:05.876Z" },
]
